// !$*UTF8*$!
{
	archiveVersion = 1;
	classes = {
	};
	objectVersion = 56;
	objects = {

/* Begin PBXBuildFile section */
		667BE5A42C1C3C3B0025F98D /* FireflyApp.swift in Sources */ = {isa = PBXBuildFile; fileRef = 667BE5A32C1C3C3B0025F98D /* FireflyApp.swift */; };
		667BE5A62C1C3C3B0025F98D /* ContentView.swift in Sources */ = {isa = PBXBuildFile; fileRef = 667BE5A52C1C3C3B0025F98D /* ContentView.swift */; };
		667BE5A82C1C3C3E0025F98D /* Assets.xcassets in Resources */ = {isa = PBXBuildFile; fileRef = 667BE5A72C1C3C3E0025F98D /* Assets.xcassets */; };
		667BE5AB2C1C3C3E0025F98D /* Preview Assets.xcassets in Resources */ = {isa = PBXBuildFile; fileRef = 667BE5AA2C1C3C3E0025F98D /* Preview Assets.xcassets */; };
		667BE5B52C1C3C3E0025F98D /* FireflyTests.swift in Sources */ = {isa = PBXBuildFile; fileRef = 667BE5B42C1C3C3E0025F98D /* FireflyTests.swift */; };
		667BE5BF2C1C3C3E0025F98D /* FireflyUITests.swift in Sources */ = {isa = PBXBuildFile; fileRef = 667BE5BE2C1C3C3E0025F98D /* FireflyUITests.swift */; };
		667BE5C12C1C3C3E0025F98D /* FireflyUITestsLaunchTests.swift in Sources */ = {isa = PBXBuildFile; fileRef = 667BE5C02C1C3C3E0025F98D /* FireflyUITestsLaunchTests.swift */; };
/* End PBXBuildFile section */

/* Begin PBXContainerItemProxy section */
		667BE5B12C1C3C3E0025F98D /* PBXContainerItemProxy */ = {
			isa = PBXContainerItemProxy;
			containerPortal = 667BE5982C1C3C3B0025F98D /* Project object */;
			proxyType = 1;
			remoteGlobalIDString = 667BE59F2C1C3C3B0025F98D;
			remoteInfo = Firefly;
		};
		667BE5BB2C1C3C3E0025F98D /* PBXContainerItemProxy */ = {
			isa = PBXContainerItemProxy;
			containerPortal = 667BE5982C1C3C3B0025F98D /* Project object */;
			proxyType = 1;
			remoteGlobalIDString = 667BE59F2C1C3C3B0025F98D;
			remoteInfo = Firefly;
		};
/* End PBXContainerItemProxy section */

/* Begin PBXFileReference section */
		667BE5A02C1C3C3B0025F98D /* Firefly.app */ = {isa = PBXFileReference; explicitFileType = wrapper.application; includeInIndex = 0; path = Firefly.app; sourceTree = BUILT_PRODUCTS_DIR; };
		667BE5A32C1C3C3B0025F98D /* FireflyApp.swift */ = {isa = PBXFileReference; lastKnownFileType = sourcecode.swift; path = FireflyApp.swift; sourceTree = "<group>"; };
		667BE5A52C1C3C3B0025F98D /* ContentView.swift */ = {isa = PBXFileReference; lastKnownFileType = sourcecode.swift; path = ContentView.swift; sourceTree = "<group>"; };
		667BE5A72C1C3C3E0025F98D /* Assets.xcassets */ = {isa = PBXFileReference; lastKnownFileType = folder.assetcatalog; path = Assets.xcassets; sourceTree = "<group>"; };
		667BE5AA2C1C3C3E0025F98D /* Preview Assets.xcassets */ = {isa = PBXFileReference; lastKnownFileType = folder.assetcatalog; path = "Preview Assets.xcassets"; sourceTree = "<group>"; };
		667BE5B02C1C3C3E0025F98D /* FireflyTests.xctest */ = {isa = PBXFileReference; explicitFileType = wrapper.cfbundle; includeInIndex = 0; path = FireflyTests.xctest; sourceTree = BUILT_PRODUCTS_DIR; };
		667BE5B42C1C3C3E0025F98D /* FireflyTests.swift */ = {isa = PBXFileReference; lastKnownFileType = sourcecode.swift; path = FireflyTests.swift; sourceTree = "<group>"; };
		667BE5BA2C1C3C3E0025F98D /* FireflyUITests.xctest */ = {isa = PBXFileReference; explicitFileType = wrapper.cfbundle; includeInIndex = 0; path = FireflyUITests.xctest; sourceTree = BUILT_PRODUCTS_DIR; };
		667BE5BE2C1C3C3E0025F98D /* FireflyUITests.swift */ = {isa = PBXFileReference; lastKnownFileType = sourcecode.swift; path = FireflyUITests.swift; sourceTree = "<group>"; };
		667BE5C02C1C3C3E0025F98D /* FireflyUITestsLaunchTests.swift */ = {isa = PBXFileReference; lastKnownFileType = sourcecode.swift; path = FireflyUITestsLaunchTests.swift; sourceTree = "<group>"; };
/* End PBXFileReference section */

/* Begin PBXFrameworksBuildPhase section */
		667BE59D2C1C3C3B0025F98D /* Frameworks */ = {
			isa = PBXFrameworksBuildPhase;
			buildActionMask = 2147483647;
			files = (
			);
			runOnlyForDeploymentPostprocessing = 0;
		};
		667BE5AD2C1C3C3E0025F98D /* Frameworks */ = {
			isa = PBXFrameworksBuildPhase;
			buildActionMask = 2147483647;
			files = (
			);
			runOnlyForDeploymentPostprocessing = 0;
		};
		667BE5B72C1C3C3E0025F98D /* Frameworks */ = {
			isa = PBXFrameworksBuildPhase;
			buildActionMask = 2147483647;
			files = (
			);
			runOnlyForDeploymentPostprocessing = 0;
		};
/* End PBXFrameworksBuildPhase section */

/* Begin PBXGroup section */
		667BE5972C1C3C3B0025F98D = {
			isa = PBXGroup;
			children = (
				667BE5A22C1C3C3B0025F98D /* Firefly */,
				667BE5B32C1C3C3E0025F98D /* FireflyTests */,
				667BE5BD2C1C3C3E0025F98D /* FireflyUITests */,
				667BE5A12C1C3C3B0025F98D /* Products */,
			);
			sourceTree = "<group>";
		};
		667BE5A12C1C3C3B0025F98D /* Products */ = {
			isa = PBXGroup;
			children = (
				667BE5A02C1C3C3B0025F98D /* Firefly.app */,
				667BE5B02C1C3C3E0025F98D /* FireflyTests.xctest */,
				667BE5BA2C1C3C3E0025F98D /* FireflyUITests.xctest */,
			);
			name = Products;
			sourceTree = "<group>";
		};
		667BE5A22C1C3C3B0025F98D /* Firefly */ = {
			isa = PBXGroup;
			children = (
				667BE5A32C1C3C3B0025F98D /* FireflyApp.swift */,
				667BE5A52C1C3C3B0025F98D /* ContentView.swift */,
				667BE5A72C1C3C3E0025F98D /* Assets.xcassets */,
				667BE5A92C1C3C3E0025F98D /* Preview Content */,
			);
			path = Firefly;
			sourceTree = "<group>";
		};
		667BE5A92C1C3C3E0025F98D /* Preview Content */ = {
			isa = PBXGroup;
			children = (
				667BE5AA2C1C3C3E0025F98D /* Preview Assets.xcassets */,
			);
			path = "Preview Content";
			sourceTree = "<group>";
		};
		667BE5B32C1C3C3E0025F98D /* FireflyTests */ = {
			isa = PBXGroup;
			children = (
				667BE5B42C1C3C3E0025F98D /* FireflyTests.swift */,
			);
			path = FireflyTests;
			sourceTree = "<group>";
		};
		667BE5BD2C1C3C3E0025F98D /* FireflyUITests */ = {
			isa = PBXGroup;
			children = (
				667BE5BE2C1C3C3E0025F98D /* FireflyUITests.swift */,
				667BE5C02C1C3C3E0025F98D /* FireflyUITestsLaunchTests.swift */,
			);
			path = FireflyUITests;
			sourceTree = "<group>";
		};
/* End PBXGroup section */

/* Begin PBXNativeTarget section */
		667BE59F2C1C3C3B0025F98D /* Firefly */ = {
			isa = PBXNativeTarget;
			buildConfigurationList = 667BE5C42C1C3C3E0025F98D /* Build configuration list for PBXNativeTarget "Firefly" */;
			buildPhases = (
				667BE59C2C1C3C3B0025F98D /* Sources */,
				667BE59D2C1C3C3B0025F98D /* Frameworks */,
				667BE59E2C1C3C3B0025F98D /* Resources */,
			);
			buildRules = (
			);
			dependencies = (
			);
			name = Firefly;
			productName = Firefly;
			productReference = 667BE5A02C1C3C3B0025F98D /* Firefly.app */;
			productType = "com.apple.product-type.application";
		};
		667BE5AF2C1C3C3E0025F98D /* FireflyTests */ = {
			isa = PBXNativeTarget;
			buildConfigurationList = 667BE5C72C1C3C3E0025F98D /* Build configuration list for PBXNativeTarget "FireflyTests" */;
			buildPhases = (
				667BE5AC2C1C3C3E0025F98D /* Sources */,
				667BE5AD2C1C3C3E0025F98D /* Frameworks */,
				667BE5AE2C1C3C3E0025F98D /* Resources */,
			);
			buildRules = (
			);
			dependencies = (
				667BE5B22C1C3C3E0025F98D /* PBXTargetDependency */,
			);
			name = FireflyTests;
			productName = FireflyTests;
			productReference = 667BE5B02C1C3C3E0025F98D /* FireflyTests.xctest */;
			productType = "com.apple.product-type.bundle.unit-test";
		};
		667BE5B92C1C3C3E0025F98D /* FireflyUITests */ = {
			isa = PBXNativeTarget;
			buildConfigurationList = 667BE5CA2C1C3C3E0025F98D /* Build configuration list for PBXNativeTarget "FireflyUITests" */;
			buildPhases = (
				667BE5B62C1C3C3E0025F98D /* Sources */,
				667BE5B72C1C3C3E0025F98D /* Frameworks */,
				667BE5B82C1C3C3E0025F98D /* Resources */,
			);
			buildRules = (
			);
			dependencies = (
				667BE5BC2C1C3C3E0025F98D /* PBXTargetDependency */,
			);
			name = FireflyUITests;
			productName = FireflyUITests;
			productReference = 667BE5BA2C1C3C3E0025F98D /* FireflyUITests.xctest */;
			productType = "com.apple.product-type.bundle.ui-testing";
		};
/* End PBXNativeTarget section */

/* Begin PBXProject section */
		667BE5982C1C3C3B0025F98D /* Project object */ = {
			isa = PBXProject;
			attributes = {
				BuildIndependentTargetsInParallel = 1;
				LastSwiftUpdateCheck = 1520;
				LastUpgradeCheck = 1520;
				TargetAttributes = {
					667BE59F2C1C3C3B0025F98D = {
						CreatedOnToolsVersion = 15.2;
					};
					667BE5AF2C1C3C3E0025F98D = {
						CreatedOnToolsVersion = 15.2;
						TestTargetID = 667BE59F2C1C3C3B0025F98D;
					};
					667BE5B92C1C3C3E0025F98D = {
						CreatedOnToolsVersion = 15.2;
						TestTargetID = 667BE59F2C1C3C3B0025F98D;
					};
				};
			};
			buildConfigurationList = 667BE59B2C1C3C3B0025F98D /* Build configuration list for PBXProject "Firefly" */;
			compatibilityVersion = "Xcode 14.0";
			developmentRegion = en;
			hasScannedForEncodings = 0;
			knownRegions = (
				en,
				Base,
			);
			mainGroup = 667BE5972C1C3C3B0025F98D;
			productRefGroup = 667BE5A12C1C3C3B0025F98D /* Products */;
			projectDirPath = "";
			projectRoot = "";
			targets = (
				667BE59F2C1C3C3B0025F98D /* Firefly */,
				667BE5AF2C1C3C3E0025F98D /* FireflyTests */,
				667BE5B92C1C3C3E0025F98D /* FireflyUITests */,
			);
		};
/* End PBXProject section */

/* Begin PBXResourcesBuildPhase section */
		667BE59E2C1C3C3B0025F98D /* Resources */ = {
			isa = PBXResourcesBuildPhase;
			buildActionMask = 2147483647;
			files = (
				667BE5AB2C1C3C3E0025F98D /* Preview Assets.xcassets in Resources */,
				667BE5A82C1C3C3E0025F98D /* Assets.xcassets in Resources */,
			);
			runOnlyForDeploymentPostprocessing = 0;
		};
		667BE5AE2C1C3C3E0025F98D /* Resources */ = {
			isa = PBXResourcesBuildPhase;
			buildActionMask = 2147483647;
			files = (
			);
			runOnlyForDeploymentPostprocessing = 0;
		};
		667BE5B82C1C3C3E0025F98D /* Resources */ = {
			isa = PBXResourcesBuildPhase;
			buildActionMask = 2147483647;
			files = (
			);
			runOnlyForDeploymentPostprocessing = 0;
		};
/* End PBXResourcesBuildPhase section */

/* Begin PBXSourcesBuildPhase section */
		667BE59C2C1C3C3B0025F98D /* Sources */ = {
			isa = PBXSourcesBuildPhase;
			buildActionMask = 2147483647;
			files = (
				667BE5A62C1C3C3B0025F98D /* ContentView.swift in Sources */,
				667BE5A42C1C3C3B0025F98D /* FireflyApp.swift in Sources */,
			);
			runOnlyForDeploymentPostprocessing = 0;
		};
		667BE5AC2C1C3C3E0025F98D /* Sources */ = {
			isa = PBXSourcesBuildPhase;
			buildActionMask = 2147483647;
			files = (
				667BE5B52C1C3C3E0025F98D /* FireflyTests.swift in Sources */,
			);
			runOnlyForDeploymentPostprocessing = 0;
		};
		667BE5B62C1C3C3E0025F98D /* Sources */ = {
			isa = PBXSourcesBuildPhase;
			buildActionMask = 2147483647;
			files = (
				667BE5C12C1C3C3E0025F98D /* FireflyUITestsLaunchTests.swift in Sources */,
				667BE5BF2C1C3C3E0025F98D /* FireflyUITests.swift in Sources */,
			);
			runOnlyForDeploymentPostprocessing = 0;
		};
/* End PBXSourcesBuildPhase section */

/* Begin PBXTargetDependency section */
		667BE5B22C1C3C3E0025F98D /* PBXTargetDependency */ = {
			isa = PBXTargetDependency;
			target = 667BE59F2C1C3C3B0025F98D /* Firefly */;
			targetProxy = 667BE5B12C1C3C3E0025F98D /* PBXContainerItemProxy */;
		};
		667BE5BC2C1C3C3E0025F98D /* PBXTargetDependency */ = {
			isa = PBXTargetDependency;
			target = 667BE59F2C1C3C3B0025F98D /* Firefly */;
			targetProxy = 667BE5BB2C1C3C3E0025F98D /* PBXContainerItemProxy */;
		};
/* End PBXTargetDependency section */

/* Begin XCBuildConfiguration section */
		667BE5C22C1C3C3E0025F98D /* Debug */ = {
			isa = XCBuildConfiguration;
			buildSettings = {
				ALWAYS_SEARCH_USER_PATHS = NO;
				ASSETCATALOG_COMPILER_GENERATE_SWIFT_ASSET_SYMBOL_EXTENSIONS = YES;
				CLANG_ANALYZER_NONNULL = YES;
				CLANG_ANALYZER_NUMBER_OBJECT_CONVERSION = YES_AGGRESSIVE;
				CLANG_CXX_LANGUAGE_STANDARD = "gnu++20";
				CLANG_ENABLE_MODULES = YES;
				CLANG_ENABLE_OBJC_ARC = YES;
				CLANG_ENABLE_OBJC_WEAK = YES;
				CLANG_WARN_BLOCK_CAPTURE_AUTORELEASING = YES;
				CLANG_WARN_BOOL_CONVERSION = YES;
				CLANG_WARN_COMMA = YES;
				CLANG_WARN_CONSTANT_CONVERSION = YES;
				CLANG_WARN_DEPRECATED_OBJC_IMPLEMENTATIONS = YES;
				CLANG_WARN_DIRECT_OBJC_ISA_USAGE = YES_ERROR;
				CLANG_WARN_DOCUMENTATION_COMMENTS = YES;
				CLANG_WARN_EMPTY_BODY = YES;
				CLANG_WARN_ENUM_CONVERSION = YES;
				CLANG_WARN_INFINITE_RECURSION = YES;
				CLANG_WARN_INT_CONVERSION = YES;
				CLANG_WARN_NON_LITERAL_NULL_CONVERSION = YES;
				CLANG_WARN_OBJC_IMPLICIT_RETAIN_SELF = YES;
				CLANG_WARN_OBJC_LITERAL_CONVERSION = YES;
				CLANG_WARN_OBJC_ROOT_CLASS = YES_ERROR;
				CLANG_WARN_QUOTED_INCLUDE_IN_FRAMEWORK_HEADER = YES;
				CLANG_WARN_RANGE_LOOP_ANALYSIS = YES;
				CLANG_WARN_STRICT_PROTOTYPES = YES;
				CLANG_WARN_SUSPICIOUS_MOVE = YES;
				CLANG_WARN_UNGUARDED_AVAILABILITY = YES_AGGRESSIVE;
				CLANG_WARN_UNREACHABLE_CODE = YES;
				CLANG_WARN__DUPLICATE_METHOD_MATCH = YES;
				COPY_PHASE_STRIP = NO;
				DEBUG_INFORMATION_FORMAT = dwarf;
				ENABLE_STRICT_OBJC_MSGSEND = YES;
				ENABLE_TESTABILITY = YES;
				ENABLE_USER_SCRIPT_SANDBOXING = YES;
				GCC_C_LANGUAGE_STANDARD = gnu17;
				GCC_DYNAMIC_NO_PIC = NO;
				GCC_NO_COMMON_BLOCKS = YES;
				GCC_OPTIMIZATION_LEVEL = 0;
				GCC_PREPROCESSOR_DEFINITIONS = (
					"DEBUG=1",
					"$(inherited)",
				);
				GCC_WARN_64_TO_32_BIT_CONVERSION = YES;
				GCC_WARN_ABOUT_RETURN_TYPE = YES_ERROR;
				GCC_WARN_UNDECLARED_SELECTOR = YES;
				GCC_WARN_UNINITIALIZED_AUTOS = YES_AGGRESSIVE;
				GCC_WARN_UNUSED_FUNCTION = YES;
				GCC_WARN_UNUSED_VARIABLE = YES;
				IPHONEOS_DEPLOYMENT_TARGET = 17.2;
				LOCALIZATION_PREFERS_STRING_CATALOGS = YES;
				MTL_ENABLE_DEBUG_INFO = INCLUDE_SOURCE;
				MTL_FAST_MATH = YES;
				ONLY_ACTIVE_ARCH = YES;
				SDKROOT = iphoneos;
				SWIFT_ACTIVE_COMPILATION_CONDITIONS = "DEBUG $(inherited)";
				SWIFT_OPTIMIZATION_LEVEL = "-Onone";
			};
			name = Debug;
		};
		667BE5C32C1C3C3E0025F98D /* Release */ = {
			isa = XCBuildConfiguration;
			buildSettings = {
				ALWAYS_SEARCH_USER_PATHS = NO;
				ASSETCATALOG_COMPILER_GENERATE_SWIFT_ASSET_SYMBOL_EXTENSIONS = YES;
				CLANG_ANALYZER_NONNULL = YES;
				CLANG_ANALYZER_NUMBER_OBJECT_CONVERSION = YES_AGGRESSIVE;
				CLANG_CXX_LANGUAGE_STANDARD = "gnu++20";
				CLANG_ENABLE_MODULES = YES;
				CLANG_ENABLE_OBJC_ARC = YES;
				CLANG_ENABLE_OBJC_WEAK = YES;
				CLANG_WARN_BLOCK_CAPTURE_AUTORELEASING = YES;
				CLANG_WARN_BOOL_CONVERSION = YES;
				CLANG_WARN_COMMA = YES;
				CLANG_WARN_CONSTANT_CONVERSION = YES;
				CLANG_WARN_DEPRECATED_OBJC_IMPLEMENTATIONS = YES;
				CLANG_WARN_DIRECT_OBJC_ISA_USAGE = YES_ERROR;
				CLANG_WARN_DOCUMENTATION_COMMENTS = YES;
				CLANG_WARN_EMPTY_BODY = YES;
				CLANG_WARN_ENUM_CONVERSION = YES;
				CLANG_WARN_INFINITE_RECURSION = YES;
				CLANG_WARN_INT_CONVERSION = YES;
				CLANG_WARN_NON_LITERAL_NULL_CONVERSION = YES;
				CLANG_WARN_OBJC_IMPLICIT_RETAIN_SELF = YES;
				CLANG_WARN_OBJC_LITERAL_CONVERSION = YES;
				CLANG_WARN_OBJC_ROOT_CLASS = YES_ERROR;
				CLANG_WARN_QUOTED_INCLUDE_IN_FRAMEWORK_HEADER = YES;
				CLANG_WARN_RANGE_LOOP_ANALYSIS = YES;
				CLANG_WARN_STRICT_PROTOTYPES = YES;
				CLANG_WARN_SUSPICIOUS_MOVE = YES;
				CLANG_WARN_UNGUARDED_AVAILABILITY = YES_AGGRESSIVE;
				CLANG_WARN_UNREACHABLE_CODE = YES;
				CLANG_WARN__DUPLICATE_METHOD_MATCH = YES;
				COPY_PHASE_STRIP = NO;
				DEBUG_INFORMATION_FORMAT = "dwarf-with-dsym";
				ENABLE_NS_ASSERTIONS = NO;
				ENABLE_STRICT_OBJC_MSGSEND = YES;
				ENABLE_USER_SCRIPT_SANDBOXING = YES;
				GCC_C_LANGUAGE_STANDARD = gnu17;
				GCC_NO_COMMON_BLOCKS = YES;
				GCC_WARN_64_TO_32_BIT_CONVERSION = YES;
				GCC_WARN_ABOUT_RETURN_TYPE = YES_ERROR;
				GCC_WARN_UNDECLARED_SELECTOR = YES;
				GCC_WARN_UNINITIALIZED_AUTOS = YES_AGGRESSIVE;
				GCC_WARN_UNUSED_FUNCTION = YES;
				GCC_WARN_UNUSED_VARIABLE = YES;
				IPHONEOS_DEPLOYMENT_TARGET = 17.2;
				LOCALIZATION_PREFERS_STRING_CATALOGS = YES;
				MTL_ENABLE_DEBUG_INFO = NO;
				MTL_FAST_MATH = YES;
				SDKROOT = iphoneos;
				SWIFT_COMPILATION_MODE = wholemodule;
				VALIDATE_PRODUCT = YES;
			};
			name = Release;
		};
		667BE5C52C1C3C3E0025F98D /* Debug */ = {
			isa = XCBuildConfiguration;
			buildSettings = {
				ASSETCATALOG_COMPILER_APPICON_NAME = AppIcon;
				ASSETCATALOG_COMPILER_GLOBAL_ACCENT_COLOR_NAME = AccentColor;
				CODE_SIGN_STYLE = Automatic;
				CURRENT_PROJECT_VERSION = 1;
				DEVELOPMENT_ASSET_PATHS = "\"Firefly/Preview Content\"";
				ENABLE_PREVIEWS = YES;
				GENERATE_INFOPLIST_FILE = YES;
				INFOPLIST_KEY_UIApplicationSceneManifest_Generation = YES;
				INFOPLIST_KEY_UIApplicationSupportsIndirectInputEvents = YES;
				INFOPLIST_KEY_UILaunchScreen_Generation = YES;
				INFOPLIST_KEY_UISupportedInterfaceOrientations_iPad = "UIInterfaceOrientationPortrait UIInterfaceOrientationPortraitUpsideDown UIInterfaceOrientationLandscapeLeft UIInterfaceOrientationLandscapeRight";
				INFOPLIST_KEY_UISupportedInterfaceOrientations_iPhone = "UIInterfaceOrientationPortrait UIInterfaceOrientationLandscapeLeft UIInterfaceOrientationLandscapeRight";
				LD_RUNPATH_SEARCH_PATHS = (
					"$(inherited)",
					"@executable_path/Frameworks",
				);
				MARKETING_VERSION = 1.0;
				PRODUCT_BUNDLE_IDENTIFIER = eton.Firefly;
				PRODUCT_NAME = "$(TARGET_NAME)";
				SWIFT_EMIT_LOC_STRINGS = YES;
				SWIFT_VERSION = 5.0;
				TARGETED_DEVICE_FAMILY = "1,2";
			};
			name = Debug;
		};
		667BE5C62C1C3C3E0025F98D /* Release */ = {
			isa = XCBuildConfiguration;
			buildSettings = {
				ASSETCATALOG_COMPILER_APPICON_NAME = AppIcon;
				ASSETCATALOG_COMPILER_GLOBAL_ACCENT_COLOR_NAME = AccentColor;
				CODE_SIGN_STYLE = Automatic;
				CURRENT_PROJECT_VERSION = 1;
				DEVELOPMENT_ASSET_PATHS = "\"Firefly/Preview Content\"";
				ENABLE_PREVIEWS = YES;
				GENERATE_INFOPLIST_FILE = YES;
				INFOPLIST_KEY_UIApplicationSceneManifest_Generation = YES;
				INFOPLIST_KEY_UIApplicationSupportsIndirectInputEvents = YES;
				INFOPLIST_KEY_UILaunchScreen_Generation = YES;
				INFOPLIST_KEY_UISupportedInterfaceOrientations_iPad = "UIInterfaceOrientationPortrait UIInterfaceOrientationPortraitUpsideDown UIInterfaceOrientationLandscapeLeft UIInterfaceOrientationLandscapeRight";
				INFOPLIST_KEY_UISupportedInterfaceOrientations_iPhone = "UIInterfaceOrientationPortrait UIInterfaceOrientationLandscapeLeft UIInterfaceOrientationLandscapeRight";
				LD_RUNPATH_SEARCH_PATHS = (
					"$(inherited)",
					"@executable_path/Frameworks",
				);
				MARKETING_VERSION = 1.0;
				PRODUCT_BUNDLE_IDENTIFIER = eton.Firefly;
				PRODUCT_NAME = "$(TARGET_NAME)";
				SWIFT_EMIT_LOC_STRINGS = YES;
				SWIFT_VERSION = 5.0;
				TARGETED_DEVICE_FAMILY = "1,2";
			};
			name = Release;
		};
		667BE5C82C1C3C3E0025F98D /* Debug */ = {
			isa = XCBuildConfiguration;
			buildSettings = {
				ALWAYS_EMBED_SWIFT_STANDARD_LIBRARIES = YES;
				BUNDLE_LOADER = "$(TEST_HOST)";
				CODE_SIGN_STYLE = Automatic;
				CURRENT_PROJECT_VERSION = 1;
				GENERATE_INFOPLIST_FILE = YES;
				IPHONEOS_DEPLOYMENT_TARGET = 17.2;
				MARKETING_VERSION = 1.0;
				PRODUCT_BUNDLE_IDENTIFIER = eton.FireflyTests;
				PRODUCT_NAME = "$(TARGET_NAME)";
				SWIFT_EMIT_LOC_STRINGS = NO;
				SWIFT_VERSION = 5.0;
				TARGETED_DEVICE_FAMILY = "1,2";
				TEST_HOST = "$(BUILT_PRODUCTS_DIR)/Firefly.app/$(BUNDLE_EXECUTABLE_FOLDER_PATH)/Firefly";
			};
			name = Debug;
		};
		667BE5C92C1C3C3E0025F98D /* Release */ = {
			isa = XCBuildConfiguration;
			buildSettings = {
				ALWAYS_EMBED_SWIFT_STANDARD_LIBRARIES = YES;
				BUNDLE_LOADER = "$(TEST_HOST)";
				CODE_SIGN_STYLE = Automatic;
				CURRENT_PROJECT_VERSION = 1;
				GENERATE_INFOPLIST_FILE = YES;
				IPHONEOS_DEPLOYMENT_TARGET = 17.2;
				MARKETING_VERSION = 1.0;
				PRODUCT_BUNDLE_IDENTIFIER = eton.FireflyTests;
				PRODUCT_NAME = "$(TARGET_NAME)";
				SWIFT_EMIT_LOC_STRINGS = NO;
				SWIFT_VERSION = 5.0;
				TARGETED_DEVICE_FAMILY = "1,2";
				TEST_HOST = "$(BUILT_PRODUCTS_DIR)/Firefly.app/$(BUNDLE_EXECUTABLE_FOLDER_PATH)/Firefly";
			};
			name = Release;
		};
		667BE5CB2C1C3C3E0025F98D /* Debug */ = {
			isa = XCBuildConfiguration;
			buildSettings = {
				ALWAYS_EMBED_SWIFT_STANDARD_LIBRARIES = YES;
				CODE_SIGN_STYLE = Automatic;
				CURRENT_PROJECT_VERSION = 1;
				GENERATE_INFOPLIST_FILE = YES;
				MARKETING_VERSION = 1.0;
				PRODUCT_BUNDLE_IDENTIFIER = eton.FireflyUITests;
				PRODUCT_NAME = "$(TARGET_NAME)";
				SWIFT_EMIT_LOC_STRINGS = NO;
				SWIFT_VERSION = 5.0;
				TARGETED_DEVICE_FAMILY = "1,2";
				TEST_TARGET_NAME = Firefly;
			};
			name = Debug;
		};
		667BE5CC2C1C3C3E0025F98D /* Release */ = {
			isa = XCBuildConfiguration;
			buildSettings = {
				ALWAYS_EMBED_SWIFT_STANDARD_LIBRARIES = YES;
				CODE_SIGN_STYLE = Automatic;
				CURRENT_PROJECT_VERSION = 1;
				GENERATE_INFOPLIST_FILE = YES;
				MARKETING_VERSION = 1.0;
				PRODUCT_BUNDLE_IDENTIFIER = eton.FireflyUITests;
				PRODUCT_NAME = "$(TARGET_NAME)";
				SWIFT_EMIT_LOC_STRINGS = NO;
				SWIFT_VERSION = 5.0;
				TARGETED_DEVICE_FAMILY = "1,2";
				TEST_TARGET_NAME = Firefly;
			};
			name = Release;
		};
/* End XCBuildConfiguration section */

/* Begin XCConfigurationList section */
		667BE59B2C1C3C3B0025F98D /* Build configuration list for PBXProject "Firefly" */ = {
			isa = XCConfigurationList;
			buildConfigurations = (
				667BE5C22C1C3C3E0025F98D /* Debug */,
				667BE5C32C1C3C3E0025F98D /* Release */,
			);
			defaultConfigurationIsVisible = 0;
			defaultConfigurationName = Release;
		};
		667BE5C42C1C3C3E0025F98D /* Build configuration list for PBXNativeTarget "Firefly" */ = {
			isa = XCConfigurationList;
			buildConfigurations = (
				667BE5C52C1C3C3E0025F98D /* Debug */,
				667BE5C62C1C3C3E0025F98D /* Release */,
			);
			defaultConfigurationIsVisible = 0;
			defaultConfigurationName = Release;
		};
		667BE5C72C1C3C3E0025F98D /* Build configuration list for PBXNativeTarget "FireflyTests" */ = {
			isa = XCConfigurationList;
			buildConfigurations = (
				667BE5C82C1C3C3E0025F98D /* Debug */,
				667BE5C92C1C3C3E0025F98D /* Release */,
			);
			defaultConfigurationIsVisible = 0;
			defaultConfigurationName = Release;
		};
		667BE5CA2C1C3C3E0025F98D /* Build configuration list for PBXNativeTarget "FireflyUITests" */ = {
			isa = XCConfigurationList;
			buildConfigurations = (
				667BE5CB2C1C3C3E0025F98D /* Debug */,
				667BE5CC2C1C3C3E0025F98D /* Release */,
			);
			defaultConfigurationIsVisible = 0;
			defaultConfigurationName = Release;
		};
/* End XCConfigurationList section */
	};
	rootObject = 667BE5982C1C3C3B0025F98D /* Project object */;
}
